
Microsoft Visual Studio Solution File, Format Version 12.00
# Visual Studio Version 17
VisualStudioVersion = 17.0.31903.59
MinimumVisualStudioVersion = 10.0.40219.1
Project("{FAE04EC0-301F-11D3-BF4B-00C04F79EFBC}") = "QuickKartTestApp", "QuickKartTestApp\QuickKartTestApp.csproj", "{3A4E776F-A392-4CD7-981E-F98146D4589A}"
EndProject
Project("{FAE04EC0-301F-11D3-BF4B-00C04F79EFBC}") = "QuickKartBL", "QuickKartBL\QuickKartBL.csproj", "{C8652A77-5C44-4101-955A-4F5DF20DEE1C}"
EndProject
Global
	GlobalSection(SolutionConfigurationPlatforms) = preSolution
		Debug|Any CPU = Debug|Any CPU
		Release|Any CPU = Release|Any CPU
	EndGlobalSection
	GlobalSection(ProjectConfigurationPlatforms) = postSolution
		{3A4E776F-A392-4CD7-981E-F98146D4589A}.Debug|Any CPU.ActiveCfg = Debug|Any CPU
		{3A4E776F-A392-4CD7-981E-F98146D4589A}.Debug|Any CPU.Build.0 = Debug|Any CPU
		{3A4E776F-A392-4CD7-981E-F98146D4589A}.Release|Any CPU.ActiveCfg = Release|Any CPU
		{3A4E776F-A392-4CD7-981E-F98146D4589A}.Release|Any CPU.Build.0 = Release|Any CPU
		{C8652A77-5C44-4101-955A-4F5DF20DEE1C}.Debug|Any CPU.ActiveCfg = Debug|Any CPU
		{C8652A77-5C44-4101-955A-4F5DF20DEE1C}.Debug|Any CPU.Build.0 = Debug|Any CPU
		{C8652A77-5C44-4101-955A-4F5DF20DEE1C}.Release|Any CPU.ActiveCfg = Release|Any CPU
		{C8652A77-5C44-4101-955A-4F5DF20DEE1C}.Release|Any CPU.Build.0 = Release|Any CPU
	EndGlobalSection
	GlobalSection(SolutionProperties) = preSolution
		HideSolutionNode = FALSE
	EndGlobalSection
	GlobalSection(ExtensibilityGlobals) = postSolution
		SolutionGuid = {D5A4EA12-E1D1-487B-8A19-C975F61D7BF7}
	EndGlobalSection
EndGlobal
